Microsoft Visual Studio Solution File, Format Version 11.00
# Visual Studio 2008

Project("{E052F256-1225-B770-FBE3-426A9C1539DE}") = "AdditionCrash_iOS", "Assembly-CSharp-vs.csproj", "{E0C4D33D-62FB-C46D-85FF-F3F3B4744B0D}"
EndProject
Project("{E052F256-1225-B770-FBE3-426A9C1539DE}") = "AdditionCrash_iOS", "Assembly-CSharp-Editor-vs.csproj", "{12DF273F-F8A1-048D-DB9B-8065C04AEC3D}"
EndProject
Global
	GlobalSection(SolutionConfigurationPlatforms) = preSolution
		Debug|Any CPU = Debug|Any CPU
		Release|Any CPU = Release|Any CPU
	EndGlobalSection
	GlobalSection(ProjectConfigurationPlatforms) = postSolution
		{E0C4D33D-62FB-C46D-85FF-F3F3B4744B0D}.Debug|Any CPU.ActiveCfg = Debug|Any CPU
		{E0C4D33D-62FB-C46D-85FF-F3F3B4744B0D}.Debug|Any CPU.Build.0 = Debug|Any CPU
		{E0C4D33D-62FB-C46D-85FF-F3F3B4744B0D}.Release|Any CPU.ActiveCfg = Release|Any CPU
		{E0C4D33D-62FB-C46D-85FF-F3F3B4744B0D}.Release|Any CPU.Build.0 = Release|Any CPU
		{12DF273F-F8A1-048D-DB9B-8065C04AEC3D}.Debug|Any CPU.ActiveCfg = Debug|Any CPU
		{12DF273F-F8A1-048D-DB9B-8065C04AEC3D}.Debug|Any CPU.Build.0 = Debug|Any CPU
		{12DF273F-F8A1-048D-DB9B-8065C04AEC3D}.Release|Any CPU.ActiveCfg = Release|Any CPU
		{12DF273F-F8A1-048D-DB9B-8065C04AEC3D}.Release|Any CPU.Build.0 = Release|Any CPU
	EndGlobalSection
	GlobalSection(SolutionProperties) = preSolution
		HideSolutionNode = FALSE
	EndGlobalSection
																																											GlobalSection(MonoDevelopProperties) = preSolution
		StartupItem = Assembly-CSharp.csproj
		Policies = $0
		$0.TextStylePolicy = $1
		$1.inheritsSet = null
		$1.scope = text/x-csharp
		$0.CSharpFormattingPolicy = $2
		$2.inheritsSet = Mono
		$2.inheritsScope = text/x-csharp
		$2.scope = text/x-csharp
		$0.TextStylePolicy = $3
		$3.FileWidth = 120
		$3.TabWidth = 4
		$3.IndentWidth = 4
		$3.EolMarker = Unix
		$3.inheritsSet = Mono
		$3.inheritsScope = text/plain
		$3.scope = text/plain
	EndGlobalSection

EndGlobal
