
Microsoft Visual Studio Solution File, Format Version 12.00
# Visual Studio 2013
Project("{FAE04EC0-301F-11D3-BF4B-00C04F79EFBC}") = "UnityVS.iOS_AdditionCrash.CSharp", "UnityVS.iOS_AdditionCrash.CSharp.csproj", "{D2F6787F-5D6F-467E-40F1-C3E29B706CA6}"
EndProject
Project("{FAE04EC0-301F-11D3-BF4B-00C04F79EFBC}") = "UnityVS.iOS_AdditionCrash.CSharp.Editor", "UnityVS.iOS_AdditionCrash.CSharp.Editor.csproj", "{131414B5-D284-2420-CD64-19C4DE30F0EE}"
EndProject
Global
	GlobalSection(SolutionConfigurationPlatforms) = preSolution
		Debug|Any CPU = Debug|Any CPU
		Release|Any CPU = Release|Any CPU
	EndGlobalSection
	GlobalSection(ProjectConfigurationPlatforms) = postSolution
		{D2F6787F-5D6F-467E-40F1-C3E29B706CA6}.Debug|Any CPU.ActiveCfg = Debug|Any CPU
		{D2F6787F-5D6F-467E-40F1-C3E29B706CA6}.Debug|Any CPU.Build.0 = Debug|Any CPU
		{D2F6787F-5D6F-467E-40F1-C3E29B706CA6}.Release|Any CPU.ActiveCfg = Release|Any CPU
		{D2F6787F-5D6F-467E-40F1-C3E29B706CA6}.Release|Any CPU.Build.0 = Release|Any CPU
		{131414B5-D284-2420-CD64-19C4DE30F0EE}.Debug|Any CPU.ActiveCfg = Debug|Any CPU
		{131414B5-D284-2420-CD64-19C4DE30F0EE}.Debug|Any CPU.Build.0 = Debug|Any CPU
		{131414B5-D284-2420-CD64-19C4DE30F0EE}.Release|Any CPU.ActiveCfg = Release|Any CPU
		{131414B5-D284-2420-CD64-19C4DE30F0EE}.Release|Any CPU.Build.0 = Release|Any CPU
	EndGlobalSection
	GlobalSection(SolutionProperties) = preSolution
		HideSolutionNode = FALSE
	EndGlobalSection
EndGlobal
