
Microsoft Visual Studio Solution File, Format Version 12.00
# Visual Studio 2013
Project("{FAE04EC0-301F-11D3-BF4B-00C04F79EFBC}") = "UnityVS.AdditionCrash.CSharp", "UnityVS.AdditionCrash.CSharp.csproj", "{CA70BF98-5153-7080-8BF2-FF7847329B3B}"
EndProject
Project("{FAE04EC0-301F-11D3-BF4B-00C04F79EFBC}") = "UnityVS.AdditionCrash.CSharp.Editor", "UnityVS.AdditionCrash.CSharp.Editor.csproj", "{7B1E422C-FBDE-217B-7C38-7E1F64D8D2FA}"
EndProject
Global
	GlobalSection(SolutionConfigurationPlatforms) = preSolution
		Debug|Any CPU = Debug|Any CPU
		Release|Any CPU = Release|Any CPU
	EndGlobalSection
	GlobalSection(ProjectConfigurationPlatforms) = postSolution
		{CA70BF98-5153-7080-8BF2-FF7847329B3B}.Debug|Any CPU.ActiveCfg = Debug|Any CPU
		{CA70BF98-5153-7080-8BF2-FF7847329B3B}.Debug|Any CPU.Build.0 = Debug|Any CPU
		{CA70BF98-5153-7080-8BF2-FF7847329B3B}.Release|Any CPU.ActiveCfg = Release|Any CPU
		{CA70BF98-5153-7080-8BF2-FF7847329B3B}.Release|Any CPU.Build.0 = Release|Any CPU
		{7B1E422C-FBDE-217B-7C38-7E1F64D8D2FA}.Debug|Any CPU.ActiveCfg = Debug|Any CPU
		{7B1E422C-FBDE-217B-7C38-7E1F64D8D2FA}.Debug|Any CPU.Build.0 = Debug|Any CPU
		{7B1E422C-FBDE-217B-7C38-7E1F64D8D2FA}.Release|Any CPU.ActiveCfg = Release|Any CPU
		{7B1E422C-FBDE-217B-7C38-7E1F64D8D2FA}.Release|Any CPU.Build.0 = Release|Any CPU
	EndGlobalSection
	GlobalSection(SolutionProperties) = preSolution
		HideSolutionNode = FALSE
	EndGlobalSection
EndGlobal
